
Microsoft Visual Studio Solution File, Format Version 12.00
# Visual Studio 2012
Project("{FAE04EC0-301F-11D3-BF4B-00C04F79EFBC}") = "YAFImporter", "YAFImporter\YAFImporter.csproj", "{1711024B-C67A-4AC6-BCFE-3BE47772B284}"
EndProject
Global
	GlobalSection(SolutionConfigurationPlatforms) = preSolution
		Debug|Any CPU = Debug|Any CPU
		Release|Any CPU = Release|Any CPU
	EndGlobalSection
	GlobalSection(ProjectConfigurationPlatforms) = postSolution
		{1711024B-C67A-4AC6-BCFE-3BE47772B284}.Debug|Any CPU.ActiveCfg = Debug|Any CPU
		{1711024B-C67A-4AC6-BCFE-3BE47772B284}.Debug|Any CPU.Build.0 = Debug|Any CPU
		{1711024B-C67A-4AC6-BCFE-3BE47772B284}.Release|Any CPU.ActiveCfg = Release|Any CPU
		{1711024B-C67A-4AC6-BCFE-3BE47772B284}.Release|Any CPU.Build.0 = Release|Any CPU
	EndGlobalSection
	GlobalSection(SolutionProperties) = preSolution
		HideSolutionNode = FALSE
	EndGlobalSection
EndGlobal
